# This file was autogenerated by Stack.
# You should not edit this file by hand.
# For more information, please see the documentation at:
#   https://docs.haskellstack.org/en/stable/lock_files

packages:
- completed:
    hackage: shelly-1.6.8.1@sha256:455095701152d4564c2b0a6e553f3add129b7bd0a91174a3bc2bc2292bdd5501,5246
    pantry-tree:
      size: 2120
      sha256: 447cc29864f14e9d89881cbc63e6240231df07df8c73a6ee9521f052b3c28e48
  original:
    hackage: shelly-1.6.8.1
- completed:
    hackage: simple-0.11.1@sha256:ebe4e709662c314b986a1b8ae9378ca531a9f1c22906cf06eceda967e68117c6,3219
    pantry-tree:
      size: 1351
      sha256: 3808fce94cb93810252246ec058c7ccbd580f05ee9f3477b68dc693e987358d9
  original:
    hackage: simple-0.11.1
- completed:
    hackage: simple-templates-0.8.0.1@sha256:aa794253e7305dad2a03786a49dd38d347a9f6bc4d615f27ba0b191948365c15,1744
    pantry-tree:
      size: 599
      sha256: e6e09ba47a51790333e9c8e20dcfcbd0a7eff2500b67e57a305a89f07b2d899e
  original:
    hackage: simple-templates-0.8.0.1
snapshots:
- completed:
    size: 284946
    url: https://raw.githubusercontent.com/commercialhaskell/stackage-snapshots/master/lts/3/7.yaml
    sha256: e83954c25a742f64f51e4d922816b0f09895be4186854c6268de65b9c9f6b721
  original: lts-3.7
