# This file was autogenerated by Stack.
# You should not edit this file by hand.
# For more information, please see the documentation at:
#   https://docs.haskellstack.org/en/stable/lock_files

packages:
- completed:
    hackage: http-client-0.5.5@sha256:32d7c0c98e14bd6c9920dc8b89d160ba46d4a6a912aad07fcf39f0be91044745,4824
    pantry-tree:
      size: 2335
      sha256: f55e52e118f53b0e064b8677b3a89fb89f324aeea076605f9401079d068ee286
  original:
    hackage: http-client-0.5.5
- completed:
    hackage: http-client-tls-0.3.3@sha256:3e7556a3de35fd762ad41654e447179d5844d13ac15eafcd8cacf9718360ebcd,1909
    pantry-tree:
      size: 434
      sha256: 9fc120e6479da00982384c853fcc2331aa898690106ab37f119f16498089ce2e
  original:
    hackage: http-client-tls-0.3.3
snapshots:
- completed:
    size: 504292
    url: https://raw.githubusercontent.com/commercialhaskell/stackage-snapshots/master/lts/7/24.yaml
    sha256: 06475226ae77d200ef106e999bfb280cb658f1ebb166b56f6f579890aab66942
  original: lts-7.24
